
Microsoft Visual Studio Solution File, Format Version 12.00
# Visual Studio Version 17
VisualStudioVersion = 17.13.35825.156 d17.13
MinimumVisualStudioVersion = 10.0.40219.1
Project("{FAE04EC0-301F-11D3-BF4B-00C04F79EFBC}") = "AutoRaidSave", "AutoRaidSave.csproj", "{ECE2AE1C-64FF-4F6E-977A-B10DA8C9B582}"
EndProject
Project("{2150E333-8FDC-42A3-9474-1A3956D46DE8}") = "About", "About", "{02EA681E-C7D8-13C7-8484-4AC65E1B71E8}"
	ProjectSection(SolutionItems) = preProject
		About.xml = About.xml
	EndProjectSection
EndProject
Global
	GlobalSection(SolutionConfigurationPlatforms) = preSolution
		Debug|Any CPU = Debug|Any CPU
		Release|Any CPU = Release|Any CPU
	EndGlobalSection
	GlobalSection(ProjectConfigurationPlatforms) = postSolution
		{ECE2AE1C-64FF-4F6E-977A-B10DA8C9B582}.Debug|Any CPU.ActiveCfg = Debug|Any CPU
		{ECE2AE1C-64FF-4F6E-977A-B10DA8C9B582}.Debug|Any CPU.Build.0 = Debug|Any CPU
		{ECE2AE1C-64FF-4F6E-977A-B10DA8C9B582}.Release|Any CPU.ActiveCfg = Release|Any CPU
		{ECE2AE1C-64FF-4F6E-977A-B10DA8C9B582}.Release|Any CPU.Build.0 = Release|Any CPU
	EndGlobalSection
	GlobalSection(SolutionProperties) = preSolution
		HideSolutionNode = FALSE
	EndGlobalSection
	GlobalSection(ExtensibilityGlobals) = postSolution
		SolutionGuid = {676E97D0-649D-4BA4-B787-1F29A701A906}
	EndGlobalSection
EndGlobal
